
Microsoft Visual Studio Solution File, Format Version 12.00
# Visual Studio Version 17
VisualStudioVersion = 17.3.32929.385
MinimumVisualStudioVersion = 10.0.40219.1
Project("{FAE04EC0-301F-11D3-BF4B-00C04F79EFBC}") = "ExtensionMethods", "ExtensionMethods\ExtensionMethods.csproj", "{ECFE3C7C-1F83-4367-8460-6BCEB535C841}"
EndProject
Global
	GlobalSection(SolutionConfigurationPlatforms) = preSolution
		Debug|Any CPU = Debug|Any CPU
		Release|Any CPU = Release|Any CPU
	EndGlobalSection
	GlobalSection(ProjectConfigurationPlatforms) = postSolution
		{ECFE3C7C-1F83-4367-8460-6BCEB535C841}.Debug|Any CPU.ActiveCfg = Debug|Any CPU
		{ECFE3C7C-1F83-4367-8460-6BCEB535C841}.Debug|Any CPU.Build.0 = Debug|Any CPU
		{ECFE3C7C-1F83-4367-8460-6BCEB535C841}.Release|Any CPU.ActiveCfg = Release|Any CPU
		{ECFE3C7C-1F83-4367-8460-6BCEB535C841}.Release|Any CPU.Build.0 = Release|Any CPU
	EndGlobalSection
	GlobalSection(SolutionProperties) = preSolution
		HideSolutionNode = FALSE
	EndGlobalSection
	GlobalSection(ExtensibilityGlobals) = postSolution
		SolutionGuid = {9A6B8092-F22F-4B6B-B57E-1F4CD02F1AFE}
	EndGlobalSection
EndGlobal
